<?xml version="1.0" encoding="utf-8"?>
<Project ToolsVersion="4.0" xmlns="http://schemas.microsoft.com/developer/msbuild/2003">
  <ItemGroup>
    <Filter Include="Source Files">
      <UniqueIdentifier>{4FC737F1-C7A5-4376-A066-2A32D752A2FF}</UniqueIdentifier>
      <Extensions>cpp;c;cc;cxx;def;odl;idl;hpj;bat;asm;asmx</Extensions>
    </Filter>
    <Filter Include="Header Files">
      <UniqueIdentifier>{93995380-89BD-4b04-88EB-625FBE52EBFB}</UniqueIdentifier>
      <Extensions>h;hh;hpp;hxx;hm;inl;inc;ipp;xsd</Extensions>
    </Filter>
    <Filter Include="Resource Files">
      <UniqueIdentifier>{67DA6AB6-F800-4c08-8B7A-83BB121AAD01}</UniqueIdentifier>
      <Extensions>rc;ico;cur;bmp;dlg;rc2;rct;bin;rgs;gif;jpg;jpeg;jpe;resx;tiff;tif;png;wav;mfcribbon-ms</Extensions>
    </Filter>
  </ItemGroup>
  <ItemGroup>
    <ClCompile Include="core\Application.cpp">
      <Filter>Source Files</Filter>
    </ClCompile>
    <ClCompile Include="assets\AssetManager.cpp">
      <Filter>Source Files</Filter>
    </ClCompile>
    <ClCompile Include="states\State.cpp">
      <Filter>Source Files</Filter>
    </ClCompile>
    <ClCompile Include="Sandbox\main.cpp">
      <Filter>Source Files</Filter>
    </ClCompile>
    <ClCompile Include="assets\AssetHolder.cpp">
      <Filter>Source Files</Filter>
    </ClCompile>
    <ClCompile Include="states\States.cpp">
      <Filter>Source Files</Filter>
    </ClCompile>
    <ClCompile Include="ECS\systems\SystemManager.cpp">
      <Filter>Source Files</Filter>
    </ClCompile>
    <ClCompile Include="ECS\components\ComponentManager.cpp">
      <Filter>Source Files</Filter>
    </ClCompile>
    <ClCompile Include="ECS\entities\Entity.cpp">
      <Filter>Source Files</Filter>
    </ClCompile>
    <ClCompile Include="ECS\entities\EntityManager.cpp">
      <Filter>Source Files</Filter>
    </ClCompile>
    <ClCompile Include="ECS\EntityCoordinator.cpp">
      <Filter>Source Files</Filter>
    </ClCompile>
    <ClCompile Include="ECS\systems\RenderSystem.cpp">
      <Filter>Source Files</Filter>
    </ClCompile>
    <ClCompile Include="ECS\systems\PhysicsSystem.cpp">
      <Filter>Source Files</Filter>
    </ClCompile>
    <ClCompile Include="ECS\systems\CollisionSystem.cpp">
      <Filter>Source Files</Filter>
    </ClCompile>
    <ClCompile Include="io\InputManager.cpp">
      <Filter>Source Files</Filter>
    </ClCompile>
    <ClCompile Include="ECS\components\Components.cpp">
      <Filter>Source Files</Filter>
    </ClCompile>
    <ClCompile Include="Rise\main.cpp">
      <Filter>Source Files</Filter>
    </ClCompile>
    <ClCompile Include="Rise\States\GameState.cpp">
      <Filter>Source Files</Filter>
    </ClCompile>
  </ItemGroup>
  <ItemGroup>
    <ClInclude Include="core\Application.h">
      <Filter>Header Files</Filter>
    </ClInclude>
    <ClInclude Include="assets\AssetManager.h">
      <Filter>Header Files</Filter>
    </ClInclude>
    <ClInclude Include="states\State.h">
      <Filter>Header Files</Filter>
    </ClInclude>
    <ClInclude Include="Sandbox\Game.h">
      <Filter>Header Files</Filter>
    </ClInclude>
    <ClInclude Include="Sandbox\States\GameState.h">
      <Filter>Header Files</Filter>
    </ClInclude>
    <ClInclude Include="assets\AssetHolder.h">
      <Filter>Header Files</Filter>
    </ClInclude>
    <ClInclude Include="states\States.h">
      <Filter>Header Files</Filter>
    </ClInclude>
    <ClInclude Include="util\Math.h">
      <Filter>Header Files</Filter>
    </ClInclude>
    <ClInclude Include="ECS\systems\SystemManager.h">
      <Filter>Header Files</Filter>
    </ClInclude>
    <ClInclude Include="ECS\components\ComponentManager.h">
      <Filter>Header Files</Filter>
    </ClInclude>
    <ClInclude Include="ECS\components\Components.h">
      <Filter>Header Files</Filter>
    </ClInclude>
    <ClInclude Include="ECS\entities\Entity.h">
      <Filter>Header Files</Filter>
    </ClInclude>
    <ClInclude Include="ECS\entities\EntityManager.h">
      <Filter>Header Files</Filter>
    </ClInclude>
    <ClInclude Include="ECS\EntityCoordinator.h">
      <Filter>Header Files</Filter>
    </ClInclude>
    <ClInclude Include="ECS\systems\RenderSystem.h">
      <Filter>Header Files</Filter>
    </ClInclude>
    <ClInclude Include="ECS\systems\Systems.h">
      <Filter>Header Files</Filter>
    </ClInclude>
    <ClInclude Include="ECS\systems\PhysicsSystem.h">
      <Filter>Header Files</Filter>
    </ClInclude>
    <ClInclude Include="ECS\systems\CollisionSystem.h">
      <Filter>Header Files</Filter>
    </ClInclude>
    <ClInclude Include="io\InputManager.h">
      <Filter>Header Files</Filter>
    </ClInclude>
    <ClInclude Include="Rise\States\GameState.h">
      <Filter>Header Files</Filter>
    </ClInclude>
    <ClInclude Include="Rise\Game.h">
      <Filter>Header Files</Filter>
    </ClInclude>
  </ItemGroup>
  <ItemGroup>
    <Image Include="Sandbox\Assets\textures\Abe.png">
      <Filter>Resource Files</Filter>
    </Image>
    <Image Include="Sandbox\Assets\textures\John.png">
      <Filter>Resource Files</Filter>
    </Image>
    <Image Include="Sandbox\Assets\textures\null.png">
      <Filter>Resource Files</Filter>
    </Image>
    <Image Include="Rise\Assets\textures\Abe.png">
      <Filter>Resource Files</Filter>
    </Image>
    <Image Include="Rise\Assets\textures\beam.png">
      <Filter>Resource Files</Filter>
    </Image>
    <Image Include="Rise\Assets\textures\John.png">
      <Filter>Resource Files</Filter>
    </Image>
    <Image Include="Rise\Assets\textures\John1.png">
      <Filter>Resource Files</Filter>
    </Image>
    <Image Include="Rise\Assets\textures\John2.png">
      <Filter>Resource Files</Filter>
    </Image>
    <Image Include="Rise\Assets\textures\null.png">
      <Filter>Resource Files</Filter>
    </Image>
  </ItemGroup>
  <ItemGroup>
    <Font Include="Sandbox\Assets\fonts\arial.ttf" />
    <Font Include="Consolas.ttf" />
  </ItemGroup>
</Project>